// !$*UTF8*$!
{
	archiveVersion = 1;
	classes = {
	};
	objectVersion = 56;
	objects = {

/* Begin PBXBuildFile section */
		92D2CA962B894DAB0084F0D9 /* DoorDash_SwiftUIApp.swift in Sources */ = {isa = PBXBuildFile; fileRef = 92D2CA952B894DAB0084F0D9 /* DoorDash_SwiftUIApp.swift */; };
		92D2CA982B894DAB0084F0D9 /* ContentView.swift in Sources */ = {isa = PBXBuildFile; fileRef = 92D2CA972B894DAB0084F0D9 /* ContentView.swift */; };
		92D2CA9A2B894DAD0084F0D9 /* Assets.xcassets in Resources */ = {isa = PBXBuildFile; fileRef = 92D2CA992B894DAD0084F0D9 /* Assets.xcassets */; };
		92D2CA9D2B894DAD0084F0D9 /* Preview Assets.xcassets in Resources */ = {isa = PBXBuildFile; fileRef = 92D2CA9C2B894DAD0084F0D9 /* Preview Assets.xcassets */; };
		92D2CAA72B894DAE0084F0D9 /* DoorDash_SwiftUITests.swift in Sources */ = {isa = PBXBuildFile; fileRef = 92D2CAA62B894DAE0084F0D9 /* DoorDash_SwiftUITests.swift */; };
		92D2CAB12B894DAE0084F0D9 /* DoorDash_SwiftUIUITests.swift in Sources */ = {isa = PBXBuildFile; fileRef = 92D2CAB02B894DAE0084F0D9 /* DoorDash_SwiftUIUITests.swift */; };
		92D2CAB32B894DAE0084F0D9 /* DoorDash_SwiftUIUITestsLaunchTests.swift in Sources */ = {isa = PBXBuildFile; fileRef = 92D2CAB22B894DAE0084F0D9 /* DoorDash_SwiftUIUITestsLaunchTests.swift */; };
		92D2CACA2B894DDB0084F0D9 /* MenuRowView.swift in Sources */ = {isa = PBXBuildFile; fileRef = 92D2CAC02B894DDB0084F0D9 /* MenuRowView.swift */; };
		92D2CACB2B894DDB0084F0D9 /* RatingsView.swift in Sources */ = {isa = PBXBuildFile; fileRef = 92D2CAC12B894DDB0084F0D9 /* RatingsView.swift */; };
		92D2CACC2B894DDB0084F0D9 /* MenuItemView.swift in Sources */ = {isa = PBXBuildFile; fileRef = 92D2CAC22B894DDB0084F0D9 /* MenuItemView.swift */; };
		92D2CACD2B894DDB0084F0D9 /* HomeView.swift in Sources */ = {isa = PBXBuildFile; fileRef = 92D2CAC32B894DDB0084F0D9 /* HomeView.swift */; };
		92D2CACE2B894DDB0084F0D9 /* Extension.swift in Sources */ = {isa = PBXBuildFile; fileRef = 92D2CAC42B894DDB0084F0D9 /* Extension.swift */; };
		92D2CACF2B894DDB0084F0D9 /* WelcomeView.swift in Sources */ = {isa = PBXBuildFile; fileRef = 92D2CAC52B894DDB0084F0D9 /* WelcomeView.swift */; };
		92D2CAD02B894DDB0084F0D9 /* OrderRowView.swift in Sources */ = {isa = PBXBuildFile; fileRef = 92D2CAC62B894DDB0084F0D9 /* OrderRowView.swift */; };
		92D2CAD12B894DDB0084F0D9 /* HeaderView.swift in Sources */ = {isa = PBXBuildFile; fileRef = 92D2CAC72B894DDB0084F0D9 /* HeaderView.swift */; };
		92D2CAD22B894DDB0084F0D9 /* MenuView.swift in Sources */ = {isa = PBXBuildFile; fileRef = 92D2CAC82B894DDB0084F0D9 /* MenuView.swift */; };
		92D2CAD32B894DDB0084F0D9 /* OrderView.swift in Sources */ = {isa = PBXBuildFile; fileRef = 92D2CAC92B894DDB0084F0D9 /* OrderView.swift */; };
		92D2CAD72B894E3F0084F0D9 /* PlayfairDisplay-Bold.ttf in Resources */ = {isa = PBXBuildFile; fileRef = 92D2CAD52B894E3F0084F0D9 /* PlayfairDisplay-Bold.ttf */; };
		92D2CAD82B894E3F0084F0D9 /* PlayfairDisplay-Regular.ttf in Resources */ = {isa = PBXBuildFile; fileRef = 92D2CAD62B894E3F0084F0D9 /* PlayfairDisplay-Regular.ttf */; };
/* End PBXBuildFile section */

/* Begin PBXContainerItemProxy section */
		92D2CAA32B894DAE0084F0D9 /* PBXContainerItemProxy */ = {
			isa = PBXContainerItemProxy;
			containerPortal = 92D2CA8A2B894DAB0084F0D9 /* Project object */;
			proxyType = 1;
			remoteGlobalIDString = 92D2CA912B894DAB0084F0D9;
			remoteInfo = "DoorDash-SwiftUI";
		};
		92D2CAAD2B894DAE0084F0D9 /* PBXContainerItemProxy */ = {
			isa = PBXContainerItemProxy;
			containerPortal = 92D2CA8A2B894DAB0084F0D9 /* Project object */;
			proxyType = 1;
			remoteGlobalIDString = 92D2CA912B894DAB0084F0D9;
			remoteInfo = "DoorDash-SwiftUI";
		};
/* End PBXContainerItemProxy section */

/* Begin PBXFileReference section */
		92D2CA922B894DAB0084F0D9 /* DoorDash-SwiftUI.app */ = {isa = PBXFileReference; explicitFileType = wrapper.application; includeInIndex = 0; path = "DoorDash-SwiftUI.app"; sourceTree = BUILT_PRODUCTS_DIR; };
		92D2CA952B894DAB0084F0D9 /* DoorDash_SwiftUIApp.swift */ = {isa = PBXFileReference; lastKnownFileType = sourcecode.swift; path = DoorDash_SwiftUIApp.swift; sourceTree = "<group>"; };
		92D2CA972B894DAB0084F0D9 /* ContentView.swift */ = {isa = PBXFileReference; lastKnownFileType = sourcecode.swift; path = ContentView.swift; sourceTree = "<group>"; };
		92D2CA992B894DAD0084F0D9 /* Assets.xcassets */ = {isa = PBXFileReference; lastKnownFileType = folder.assetcatalog; path = Assets.xcassets; sourceTree = "<group>"; };
		92D2CA9C2B894DAD0084F0D9 /* Preview Assets.xcassets */ = {isa = PBXFileReference; lastKnownFileType = folder.assetcatalog; path = "Preview Assets.xcassets"; sourceTree = "<group>"; };
		92D2CAA22B894DAE0084F0D9 /* DoorDash-SwiftUITests.xctest */ = {isa = PBXFileReference; explicitFileType = wrapper.cfbundle; includeInIndex = 0; path = "DoorDash-SwiftUITests.xctest"; sourceTree = BUILT_PRODUCTS_DIR; };
		92D2CAA62B894DAE0084F0D9 /* DoorDash_SwiftUITests.swift */ = {isa = PBXFileReference; lastKnownFileType = sourcecode.swift; path = DoorDash_SwiftUITests.swift; sourceTree = "<group>"; };
		92D2CAAC2B894DAE0084F0D9 /* DoorDash-SwiftUIUITests.xctest */ = {isa = PBXFileReference; explicitFileType = wrapper.cfbundle; includeInIndex = 0; path = "DoorDash-SwiftUIUITests.xctest"; sourceTree = BUILT_PRODUCTS_DIR; };
		92D2CAB02B894DAE0084F0D9 /* DoorDash_SwiftUIUITests.swift */ = {isa = PBXFileReference; lastKnownFileType = sourcecode.swift; path = DoorDash_SwiftUIUITests.swift; sourceTree = "<group>"; };
		92D2CAB22B894DAE0084F0D9 /* DoorDash_SwiftUIUITestsLaunchTests.swift */ = {isa = PBXFileReference; lastKnownFileType = sourcecode.swift; path = DoorDash_SwiftUIUITestsLaunchTests.swift; sourceTree = "<group>"; };
		92D2CAC02B894DDB0084F0D9 /* MenuRowView.swift */ = {isa = PBXFileReference; fileEncoding = 4; lastKnownFileType = sourcecode.swift; path = MenuRowView.swift; sourceTree = "<group>"; };
		92D2CAC12B894DDB0084F0D9 /* RatingsView.swift */ = {isa = PBXFileReference; fileEncoding = 4; lastKnownFileType = sourcecode.swift; path = RatingsView.swift; sourceTree = "<group>"; };
		92D2CAC22B894DDB0084F0D9 /* MenuItemView.swift */ = {isa = PBXFileReference; fileEncoding = 4; lastKnownFileType = sourcecode.swift; path = MenuItemView.swift; sourceTree = "<group>"; };
		92D2CAC32B894DDB0084F0D9 /* HomeView.swift */ = {isa = PBXFileReference; fileEncoding = 4; lastKnownFileType = sourcecode.swift; path = HomeView.swift; sourceTree = "<group>"; };
		92D2CAC42B894DDB0084F0D9 /* Extension.swift */ = {isa = PBXFileReference; fileEncoding = 4; lastKnownFileType = sourcecode.swift; path = Extension.swift; sourceTree = "<group>"; };
		92D2CAC52B894DDB0084F0D9 /* WelcomeView.swift */ = {isa = PBXFileReference; fileEncoding = 4; lastKnownFileType = sourcecode.swift; path = WelcomeView.swift; sourceTree = "<group>"; };
		92D2CAC62B894DDB0084F0D9 /* OrderRowView.swift */ = {isa = PBXFileReference; fileEncoding = 4; lastKnownFileType = sourcecode.swift; path = OrderRowView.swift; sourceTree = "<group>"; };
		92D2CAC72B894DDB0084F0D9 /* HeaderView.swift */ = {isa = PBXFileReference; fileEncoding = 4; lastKnownFileType = sourcecode.swift; path = HeaderView.swift; sourceTree = "<group>"; };
		92D2CAC82B894DDB0084F0D9 /* MenuView.swift */ = {isa = PBXFileReference; fileEncoding = 4; lastKnownFileType = sourcecode.swift; path = MenuView.swift; sourceTree = "<group>"; };
		92D2CAC92B894DDB0084F0D9 /* OrderView.swift */ = {isa = PBXFileReference; fileEncoding = 4; lastKnownFileType = sourcecode.swift; path = OrderView.swift; sourceTree = "<group>"; };
		92D2CAD52B894E3F0084F0D9 /* PlayfairDisplay-Bold.ttf */ = {isa = PBXFileReference; lastKnownFileType = file; path = "PlayfairDisplay-Bold.ttf"; sourceTree = "<group>"; };
		92D2CAD62B894E3F0084F0D9 /* PlayfairDisplay-Regular.ttf */ = {isa = PBXFileReference; lastKnownFileType = file; path = "PlayfairDisplay-Regular.ttf"; sourceTree = "<group>"; };
		92D2CAD92B894EB40084F0D9 /* Info.plist */ = {isa = PBXFileReference; lastKnownFileType = text.plist; path = Info.plist; sourceTree = "<group>"; };
/* End PBXFileReference section */

/* Begin PBXFrameworksBuildPhase section */
		92D2CA8F2B894DAB0084F0D9 /* Frameworks */ = {
			isa = PBXFrameworksBuildPhase;
			buildActionMask = 2147483647;
			files = (
			);
			runOnlyForDeploymentPostprocessing = 0;
		};
		92D2CA9F2B894DAE0084F0D9 /* Frameworks */ = {
			isa = PBXFrameworksBuildPhase;
			buildActionMask = 2147483647;
			files = (
			);
			runOnlyForDeploymentPostprocessing = 0;
		};
		92D2CAA92B894DAE0084F0D9 /* Frameworks */ = {
			isa = PBXFrameworksBuildPhase;
			buildActionMask = 2147483647;
			files = (
			);
			runOnlyForDeploymentPostprocessing = 0;
		};
/* End PBXFrameworksBuildPhase section */

/* Begin PBXGroup section */
		92D2CA892B894DAB0084F0D9 = {
			isa = PBXGroup;
			children = (
				92D2CA942B894DAB0084F0D9 /* DoorDash-SwiftUI */,
				92D2CAA52B894DAE0084F0D9 /* DoorDash-SwiftUITests */,
				92D2CAAF2B894DAE0084F0D9 /* DoorDash-SwiftUIUITests */,
				92D2CA932B894DAB0084F0D9 /* Products */,
			);
			sourceTree = "<group>";
		};
		92D2CA932B894DAB0084F0D9 /* Products */ = {
			isa = PBXGroup;
			children = (
				92D2CA922B894DAB0084F0D9 /* DoorDash-SwiftUI.app */,
				92D2CAA22B894DAE0084F0D9 /* DoorDash-SwiftUITests.xctest */,
				92D2CAAC2B894DAE0084F0D9 /* DoorDash-SwiftUIUITests.xctest */,
			);
			name = Products;
			sourceTree = "<group>";
		};
		92D2CA942B894DAB0084F0D9 /* DoorDash-SwiftUI */ = {
			isa = PBXGroup;
			children = (
				92D2CAD92B894EB40084F0D9 /* Info.plist */,
				92D2CAD42B894E3F0084F0D9 /* Fonts */,
				92D2CABF2B894DDB0084F0D9 /* Views */,
				92D2CA952B894DAB0084F0D9 /* DoorDash_SwiftUIApp.swift */,
				92D2CA972B894DAB0084F0D9 /* ContentView.swift */,
				92D2CA992B894DAD0084F0D9 /* Assets.xcassets */,
				92D2CA9B2B894DAD0084F0D9 /* Preview Content */,
			);
			path = "DoorDash-SwiftUI";
			sourceTree = "<group>";
		};
		92D2CA9B2B894DAD0084F0D9 /* Preview Content */ = {
			isa = PBXGroup;
			children = (
				92D2CA9C2B894DAD0084F0D9 /* Preview Assets.xcassets */,
			);
			path = "Preview Content";
			sourceTree = "<group>";
		};
		92D2CAA52B894DAE0084F0D9 /* DoorDash-SwiftUITests */ = {
			isa = PBXGroup;
			children = (
				92D2CAA62B894DAE0084F0D9 /* DoorDash_SwiftUITests.swift */,
			);
			path = "DoorDash-SwiftUITests";
			sourceTree = "<group>";
		};
		92D2CAAF2B894DAE0084F0D9 /* DoorDash-SwiftUIUITests */ = {
			isa = PBXGroup;
			children = (
				92D2CAB02B894DAE0084F0D9 /* DoorDash_SwiftUIUITests.swift */,
				92D2CAB22B894DAE0084F0D9 /* DoorDash_SwiftUIUITestsLaunchTests.swift */,
			);
			path = "DoorDash-SwiftUIUITests";
			sourceTree = "<group>";
		};
		92D2CABF2B894DDB0084F0D9 /* Views */ = {
			isa = PBXGroup;
			children = (
				92D2CAC02B894DDB0084F0D9 /* MenuRowView.swift */,
				92D2CAC12B894DDB0084F0D9 /* RatingsView.swift */,
				92D2CAC22B894DDB0084F0D9 /* MenuItemView.swift */,
				92D2CAC32B894DDB0084F0D9 /* HomeView.swift */,
				92D2CAC42B894DDB0084F0D9 /* Extension.swift */,
				92D2CAC52B894DDB0084F0D9 /* WelcomeView.swift */,
				92D2CAC62B894DDB0084F0D9 /* OrderRowView.swift */,
				92D2CAC72B894DDB0084F0D9 /* HeaderView.swift */,
				92D2CAC82B894DDB0084F0D9 /* MenuView.swift */,
				92D2CAC92B894DDB0084F0D9 /* OrderView.swift */,
			);
			path = Views;
			sourceTree = "<group>";
		};
		92D2CAD42B894E3F0084F0D9 /* Fonts */ = {
			isa = PBXGroup;
			children = (
				92D2CAD52B894E3F0084F0D9 /* PlayfairDisplay-Bold.ttf */,
				92D2CAD62B894E3F0084F0D9 /* PlayfairDisplay-Regular.ttf */,
			);
			path = Fonts;
			sourceTree = "<group>";
		};
/* End PBXGroup section */

/* Begin PBXNativeTarget section */
		92D2CA912B894DAB0084F0D9 /* DoorDash-SwiftUI */ = {
			isa = PBXNativeTarget;
			buildConfigurationList = 92D2CAB62B894DAE0084F0D9 /* Build configuration list for PBXNativeTarget "DoorDash-SwiftUI" */;
			buildPhases = (
				92D2CA8E2B894DAB0084F0D9 /* Sources */,
				92D2CA8F2B894DAB0084F0D9 /* Frameworks */,
				92D2CA902B894DAB0084F0D9 /* Resources */,
			);
			buildRules = (
			);
			dependencies = (
			);
			name = "DoorDash-SwiftUI";
			productName = "DoorDash-SwiftUI";
			productReference = 92D2CA922B894DAB0084F0D9 /* DoorDash-SwiftUI.app */;
			productType = "com.apple.product-type.application";
		};
		92D2CAA12B894DAE0084F0D9 /* DoorDash-SwiftUITests */ = {
			isa = PBXNativeTarget;
			buildConfigurationList = 92D2CAB92B894DAE0084F0D9 /* Build configuration list for PBXNativeTarget "DoorDash-SwiftUITests" */;
			buildPhases = (
				92D2CA9E2B894DAE0084F0D9 /* Sources */,
				92D2CA9F2B894DAE0084F0D9 /* Frameworks */,
				92D2CAA02B894DAE0084F0D9 /* Resources */,
			);
			buildRules = (
			);
			dependencies = (
				92D2CAA42B894DAE0084F0D9 /* PBXTargetDependency */,
			);
			name = "DoorDash-SwiftUITests";
			productName = "DoorDash-SwiftUITests";
			productReference = 92D2CAA22B894DAE0084F0D9 /* DoorDash-SwiftUITests.xctest */;
			productType = "com.apple.product-type.bundle.unit-test";
		};
		92D2CAAB2B894DAE0084F0D9 /* DoorDash-SwiftUIUITests */ = {
			isa = PBXNativeTarget;
			buildConfigurationList = 92D2CABC2B894DAE0084F0D9 /* Build configuration list for PBXNativeTarget "DoorDash-SwiftUIUITests" */;
			buildPhases = (
				92D2CAA82B894DAE0084F0D9 /* Sources */,
				92D2CAA92B894DAE0084F0D9 /* Frameworks */,
				92D2CAAA2B894DAE0084F0D9 /* Resources */,
			);
			buildRules = (
			);
			dependencies = (
				92D2CAAE2B894DAE0084F0D9 /* PBXTargetDependency */,
			);
			name = "DoorDash-SwiftUIUITests";
			productName = "DoorDash-SwiftUIUITests";
			productReference = 92D2CAAC2B894DAE0084F0D9 /* DoorDash-SwiftUIUITests.xctest */;
			productType = "com.apple.product-type.bundle.ui-testing";
		};
/* End PBXNativeTarget section */

/* Begin PBXProject section */
		92D2CA8A2B894DAB0084F0D9 /* Project object */ = {
			isa = PBXProject;
			attributes = {
				BuildIndependentTargetsInParallel = 1;
				LastSwiftUpdateCheck = 1500;
				LastUpgradeCheck = 1500;
				TargetAttributes = {
					92D2CA912B894DAB0084F0D9 = {
						CreatedOnToolsVersion = 15.0.1;
					};
					92D2CAA12B894DAE0084F0D9 = {
						CreatedOnToolsVersion = 15.0.1;
						TestTargetID = 92D2CA912B894DAB0084F0D9;
					};
					92D2CAAB2B894DAE0084F0D9 = {
						CreatedOnToolsVersion = 15.0.1;
						TestTargetID = 92D2CA912B894DAB0084F0D9;
					};
				};
			};
			buildConfigurationList = 92D2CA8D2B894DAB0084F0D9 /* Build configuration list for PBXProject "DoorDash-SwiftUI" */;
			compatibilityVersion = "Xcode 14.0";
			developmentRegion = en;
			hasScannedForEncodings = 0;
			knownRegions = (
				en,
				Base,
			);
			mainGroup = 92D2CA892B894DAB0084F0D9;
			productRefGroup = 92D2CA932B894DAB0084F0D9 /* Products */;
			projectDirPath = "";
			projectRoot = "";
			targets = (
				92D2CA912B894DAB0084F0D9 /* DoorDash-SwiftUI */,
				92D2CAA12B894DAE0084F0D9 /* DoorDash-SwiftUITests */,
				92D2CAAB2B894DAE0084F0D9 /* DoorDash-SwiftUIUITests */,
			);
		};
/* End PBXProject section */

/* Begin PBXResourcesBuildPhase section */
		92D2CA902B894DAB0084F0D9 /* Resources */ = {
			isa = PBXResourcesBuildPhase;
			buildActionMask = 2147483647;
			files = (
				92D2CAD82B894E3F0084F0D9 /* PlayfairDisplay-Regular.ttf in Resources */,
				92D2CAD72B894E3F0084F0D9 /* PlayfairDisplay-Bold.ttf in Resources */,
				92D2CA9D2B894DAD0084F0D9 /* Preview Assets.xcassets in Resources */,
				92D2CA9A2B894DAD0084F0D9 /* Assets.xcassets in Resources */,
			);
			runOnlyForDeploymentPostprocessing = 0;
		};
		92D2CAA02B894DAE0084F0D9 /* Resources */ = {
			isa = PBXResourcesBuildPhase;
			buildActionMask = 2147483647;
			files = (
			);
			runOnlyForDeploymentPostprocessing = 0;
		};
		92D2CAAA2B894DAE0084F0D9 /* Resources */ = {
			isa = PBXResourcesBuildPhase;
			buildActionMask = 2147483647;
			files = (
			);
			runOnlyForDeploymentPostprocessing = 0;
		};
/* End PBXResourcesBuildPhase section */

/* Begin PBXSourcesBuildPhase section */
		92D2CA8E2B894DAB0084F0D9 /* Sources */ = {
			isa = PBXSourcesBuildPhase;
			buildActionMask = 2147483647;
			files = (
				92D2CAD02B894DDB0084F0D9 /* OrderRowView.swift in Sources */,
				92D2CA982B894DAB0084F0D9 /* ContentView.swift in Sources */,
				92D2CACA2B894DDB0084F0D9 /* MenuRowView.swift in Sources */,
				92D2CACE2B894DDB0084F0D9 /* Extension.swift in Sources */,
				92D2CACF2B894DDB0084F0D9 /* WelcomeView.swift in Sources */,
				92D2CAD12B894DDB0084F0D9 /* HeaderView.swift in Sources */,
				92D2CA962B894DAB0084F0D9 /* DoorDash_SwiftUIApp.swift in Sources */,
				92D2CAD22B894DDB0084F0D9 /* MenuView.swift in Sources */,
				92D2CACD2B894DDB0084F0D9 /* HomeView.swift in Sources */,
				92D2CAD32B894DDB0084F0D9 /* OrderView.swift in Sources */,
				92D2CACB2B894DDB0084F0D9 /* RatingsView.swift in Sources */,
				92D2CACC2B894DDB0084F0D9 /* MenuItemView.swift in Sources */,
			);
			runOnlyForDeploymentPostprocessing = 0;
		};
		92D2CA9E2B894DAE0084F0D9 /* Sources */ = {
			isa = PBXSourcesBuildPhase;
			buildActionMask = 2147483647;
			files = (
				92D2CAA72B894DAE0084F0D9 /* DoorDash_SwiftUITests.swift in Sources */,
			);
			runOnlyForDeploymentPostprocessing = 0;
		};
		92D2CAA82B894DAE0084F0D9 /* Sources */ = {
			isa = PBXSourcesBuildPhase;
			buildActionMask = 2147483647;
			files = (
				92D2CAB32B894DAE0084F0D9 /* DoorDash_SwiftUIUITestsLaunchTests.swift in Sources */,
				92D2CAB12B894DAE0084F0D9 /* DoorDash_SwiftUIUITests.swift in Sources */,
			);
			runOnlyForDeploymentPostprocessing = 0;
		};
/* End PBXSourcesBuildPhase section */

/* Begin PBXTargetDependency section */
		92D2CAA42B894DAE0084F0D9 /* PBXTargetDependency */ = {
			isa = PBXTargetDependency;
			target = 92D2CA912B894DAB0084F0D9 /* DoorDash-SwiftUI */;
			targetProxy = 92D2CAA32B894DAE0084F0D9 /* PBXContainerItemProxy */;
		};
		92D2CAAE2B894DAE0084F0D9 /* PBXTargetDependency */ = {
			isa = PBXTargetDependency;
			target = 92D2CA912B894DAB0084F0D9 /* DoorDash-SwiftUI */;
			targetProxy = 92D2CAAD2B894DAE0084F0D9 /* PBXContainerItemProxy */;
		};
/* End PBXTargetDependency section */

/* Begin XCBuildConfiguration section */
		92D2CAB42B894DAE0084F0D9 /* Debug */ = {
			isa = XCBuildConfiguration;
			buildSettings = {
				ALWAYS_SEARCH_USER_PATHS = NO;
				ASSETCATALOG_COMPILER_GENERATE_SWIFT_ASSET_SYMBOL_EXTENSIONS = YES;
				CLANG_ANALYZER_NONNULL = YES;
				CLANG_ANALYZER_NUMBER_OBJECT_CONVERSION = YES_AGGRESSIVE;
				CLANG_CXX_LANGUAGE_STANDARD = "gnu++20";
				CLANG_ENABLE_MODULES = YES;
				CLANG_ENABLE_OBJC_ARC = YES;
				CLANG_ENABLE_OBJC_WEAK = YES;
				CLANG_WARN_BLOCK_CAPTURE_AUTORELEASING = YES;
				CLANG_WARN_BOOL_CONVERSION = YES;
				CLANG_WARN_COMMA = YES;
				CLANG_WARN_CONSTANT_CONVERSION = YES;
				CLANG_WARN_DEPRECATED_OBJC_IMPLEMENTATIONS = YES;
				CLANG_WARN_DIRECT_OBJC_ISA_USAGE = YES_ERROR;
				CLANG_WARN_DOCUMENTATION_COMMENTS = YES;
				CLANG_WARN_EMPTY_BODY = YES;
				CLANG_WARN_ENUM_CONVERSION = YES;
				CLANG_WARN_INFINITE_RECURSION = YES;
				CLANG_WARN_INT_CONVERSION = YES;
				CLANG_WARN_NON_LITERAL_NULL_CONVERSION = YES;
				CLANG_WARN_OBJC_IMPLICIT_RETAIN_SELF = YES;
				CLANG_WARN_OBJC_LITERAL_CONVERSION = YES;
				CLANG_WARN_OBJC_ROOT_CLASS = YES_ERROR;
				CLANG_WARN_QUOTED_INCLUDE_IN_FRAMEWORK_HEADER = YES;
				CLANG_WARN_RANGE_LOOP_ANALYSIS = YES;
				CLANG_WARN_STRICT_PROTOTYPES = YES;
				CLANG_WARN_SUSPICIOUS_MOVE = YES;
				CLANG_WARN_UNGUARDED_AVAILABILITY = YES_AGGRESSIVE;
				CLANG_WARN_UNREACHABLE_CODE = YES;
				CLANG_WARN__DUPLICATE_METHOD_MATCH = YES;
				COPY_PHASE_STRIP = NO;
				DEBUG_INFORMATION_FORMAT = dwarf;
				ENABLE_STRICT_OBJC_MSGSEND = YES;
				ENABLE_TESTABILITY = YES;
				ENABLE_USER_SCRIPT_SANDBOXING = YES;
				GCC_C_LANGUAGE_STANDARD = gnu17;
				GCC_DYNAMIC_NO_PIC = NO;
				GCC_NO_COMMON_BLOCKS = YES;
				GCC_OPTIMIZATION_LEVEL = 0;
				GCC_PREPROCESSOR_DEFINITIONS = (
					"DEBUG=1",
					"$(inherited)",
				);
				GCC_WARN_64_TO_32_BIT_CONVERSION = YES;
				GCC_WARN_ABOUT_RETURN_TYPE = YES_ERROR;
				GCC_WARN_UNDECLARED_SELECTOR = YES;
				GCC_WARN_UNINITIALIZED_AUTOS = YES_AGGRESSIVE;
				GCC_WARN_UNUSED_FUNCTION = YES;
				GCC_WARN_UNUSED_VARIABLE = YES;
				IPHONEOS_DEPLOYMENT_TARGET = 17.0;
				LOCALIZATION_PREFERS_STRING_CATALOGS = YES;
				MTL_ENABLE_DEBUG_INFO = INCLUDE_SOURCE;
				MTL_FAST_MATH = YES;
				ONLY_ACTIVE_ARCH = YES;
				SDKROOT = iphoneos;
				SWIFT_ACTIVE_COMPILATION_CONDITIONS = "DEBUG $(inherited)";
				SWIFT_OPTIMIZATION_LEVEL = "-Onone";
			};
			name = Debug;
		};
		92D2CAB52B894DAE0084F0D9 /* Release */ = {
			isa = XCBuildConfiguration;
			buildSettings = {
				ALWAYS_SEARCH_USER_PATHS = NO;
				ASSETCATALOG_COMPILER_GENERATE_SWIFT_ASSET_SYMBOL_EXTENSIONS = YES;
				CLANG_ANALYZER_NONNULL = YES;
				CLANG_ANALYZER_NUMBER_OBJECT_CONVERSION = YES_AGGRESSIVE;
				CLANG_CXX_LANGUAGE_STANDARD = "gnu++20";
				CLANG_ENABLE_MODULES = YES;
				CLANG_ENABLE_OBJC_ARC = YES;
				CLANG_ENABLE_OBJC_WEAK = YES;
				CLANG_WARN_BLOCK_CAPTURE_AUTORELEASING = YES;
				CLANG_WARN_BOOL_CONVERSION = YES;
				CLANG_WARN_COMMA = YES;
				CLANG_WARN_CONSTANT_CONVERSION = YES;
				CLANG_WARN_DEPRECATED_OBJC_IMPLEMENTATIONS = YES;
				CLANG_WARN_DIRECT_OBJC_ISA_USAGE = YES_ERROR;
				CLANG_WARN_DOCUMENTATION_COMMENTS = YES;
				CLANG_WARN_EMPTY_BODY = YES;
				CLANG_WARN_ENUM_CONVERSION = YES;
				CLANG_WARN_INFINITE_RECURSION = YES;
				CLANG_WARN_INT_CONVERSION = YES;
				CLANG_WARN_NON_LITERAL_NULL_CONVERSION = YES;
				CLANG_WARN_OBJC_IMPLICIT_RETAIN_SELF = YES;
				CLANG_WARN_OBJC_LITERAL_CONVERSION = YES;
				CLANG_WARN_OBJC_ROOT_CLASS = YES_ERROR;
				CLANG_WARN_QUOTED_INCLUDE_IN_FRAMEWORK_HEADER = YES;
				CLANG_WARN_RANGE_LOOP_ANALYSIS = YES;
				CLANG_WARN_STRICT_PROTOTYPES = YES;
				CLANG_WARN_SUSPICIOUS_MOVE = YES;
				CLANG_WARN_UNGUARDED_AVAILABILITY = YES_AGGRESSIVE;
				CLANG_WARN_UNREACHABLE_CODE = YES;
				CLANG_WARN__DUPLICATE_METHOD_MATCH = YES;
				COPY_PHASE_STRIP = NO;
				DEBUG_INFORMATION_FORMAT = "dwarf-with-dsym";
				ENABLE_NS_ASSERTIONS = NO;
				ENABLE_STRICT_OBJC_MSGSEND = YES;
				ENABLE_USER_SCRIPT_SANDBOXING = YES;
				GCC_C_LANGUAGE_STANDARD = gnu17;
				GCC_NO_COMMON_BLOCKS = YES;
				GCC_WARN_64_TO_32_BIT_CONVERSION = YES;
				GCC_WARN_ABOUT_RETURN_TYPE = YES_ERROR;
				GCC_WARN_UNDECLARED_SELECTOR = YES;
				GCC_WARN_UNINITIALIZED_AUTOS = YES_AGGRESSIVE;
				GCC_WARN_UNUSED_FUNCTION = YES;
				GCC_WARN_UNUSED_VARIABLE = YES;
				IPHONEOS_DEPLOYMENT_TARGET = 17.0;
				LOCALIZATION_PREFERS_STRING_CATALOGS = YES;
				MTL_ENABLE_DEBUG_INFO = NO;
				MTL_FAST_MATH = YES;
				SDKROOT = iphoneos;
				SWIFT_COMPILATION_MODE = wholemodule;
				VALIDATE_PRODUCT = YES;
			};
			name = Release;
		};
		92D2CAB72B894DAE0084F0D9 /* Debug */ = {
			isa = XCBuildConfiguration;
			buildSettings = {
				ASSETCATALOG_COMPILER_APPICON_NAME = AppIcon;
				ASSETCATALOG_COMPILER_GLOBAL_ACCENT_COLOR_NAME = AccentColor;
				CODE_SIGN_STYLE = Automatic;
				CURRENT_PROJECT_VERSION = 1;
				DEVELOPMENT_ASSET_PATHS = "\"DoorDash-SwiftUI/Preview Content\"";
				DEVELOPMENT_TEAM = 8Q8PK53YFD;
				ENABLE_PREVIEWS = YES;
				GENERATE_INFOPLIST_FILE = YES;
				INFOPLIST_FILE = "DoorDash-SwiftUI/Info.plist";
				INFOPLIST_KEY_UIApplicationSceneManifest_Generation = YES;
				INFOPLIST_KEY_UIApplicationSupportsIndirectInputEvents = YES;
				INFOPLIST_KEY_UILaunchScreen_Generation = YES;
				INFOPLIST_KEY_UISupportedInterfaceOrientations_iPad = "UIInterfaceOrientationPortrait UIInterfaceOrientationPortraitUpsideDown UIInterfaceOrientationLandscapeLeft UIInterfaceOrientationLandscapeRight";
				INFOPLIST_KEY_UISupportedInterfaceOrientations_iPhone = "UIInterfaceOrientationPortrait UIInterfaceOrientationLandscapeLeft UIInterfaceOrientationLandscapeRight";
				LD_RUNPATH_SEARCH_PATHS = (
					"$(inherited)",
					"@executable_path/Frameworks",
				);
				MARKETING_VERSION = 1.0;
				PRODUCT_BUNDLE_IDENTIFIER = "com.reetD.DoorDash-SwiftUI";
				PRODUCT_NAME = "$(TARGET_NAME)";
				SWIFT_EMIT_LOC_STRINGS = YES;
				SWIFT_VERSION = 5.0;
				TARGETED_DEVICE_FAMILY = "1,2";
			};
			name = Debug;
		};
		92D2CAB82B894DAE0084F0D9 /* Release */ = {
			isa = XCBuildConfiguration;
			buildSettings = {
				ASSETCATALOG_COMPILER_APPICON_NAME = AppIcon;
				ASSETCATALOG_COMPILER_GLOBAL_ACCENT_COLOR_NAME = AccentColor;
				CODE_SIGN_STYLE = Automatic;
				CURRENT_PROJECT_VERSION = 1;
				DEVELOPMENT_ASSET_PATHS = "\"DoorDash-SwiftUI/Preview Content\"";
				DEVELOPMENT_TEAM = 8Q8PK53YFD;
				ENABLE_PREVIEWS = YES;
				GENERATE_INFOPLIST_FILE = YES;
				INFOPLIST_FILE = "DoorDash-SwiftUI/Info.plist";
				INFOPLIST_KEY_UIApplicationSceneManifest_Generation = YES;
				INFOPLIST_KEY_UIApplicationSupportsIndirectInputEvents = YES;
				INFOPLIST_KEY_UILaunchScreen_Generation = YES;
				INFOPLIST_KEY_UISupportedInterfaceOrientations_iPad = "UIInterfaceOrientationPortrait UIInterfaceOrientationPortraitUpsideDown UIInterfaceOrientationLandscapeLeft UIInterfaceOrientationLandscapeRight";
				INFOPLIST_KEY_UISupportedInterfaceOrientations_iPhone = "UIInterfaceOrientationPortrait UIInterfaceOrientationLandscapeLeft UIInterfaceOrientationLandscapeRight";
				LD_RUNPATH_SEARCH_PATHS = (
					"$(inherited)",
					"@executable_path/Frameworks",
				);
				MARKETING_VERSION = 1.0;
				PRODUCT_BUNDLE_IDENTIFIER = "com.reetD.DoorDash-SwiftUI";
				PRODUCT_NAME = "$(TARGET_NAME)";
				SWIFT_EMIT_LOC_STRINGS = YES;
				SWIFT_VERSION = 5.0;
				TARGETED_DEVICE_FAMILY = "1,2";
			};
			name = Release;
		};
		92D2CABA2B894DAE0084F0D9 /* Debug */ = {
			isa = XCBuildConfiguration;
			buildSettings = {
				ALWAYS_EMBED_SWIFT_STANDARD_LIBRARIES = YES;
				BUNDLE_LOADER = "$(TEST_HOST)";
				CODE_SIGN_STYLE = Automatic;
				CURRENT_PROJECT_VERSION = 1;
				DEVELOPMENT_TEAM = 8Q8PK53YFD;
				GENERATE_INFOPLIST_FILE = YES;
				IPHONEOS_DEPLOYMENT_TARGET = 17.0;
				MARKETING_VERSION = 1.0;
				PRODUCT_BUNDLE_IDENTIFIER = "com.reetD.DoorDash-SwiftUITests";
				PRODUCT_NAME = "$(TARGET_NAME)";
				SWIFT_EMIT_LOC_STRINGS = NO;
				SWIFT_VERSION = 5.0;
				TARGETED_DEVICE_FAMILY = "1,2";
				TEST_HOST = "$(BUILT_PRODUCTS_DIR)/DoorDash-SwiftUI.app/$(BUNDLE_EXECUTABLE_FOLDER_PATH)/DoorDash-SwiftUI";
			};
			name = Debug;
		};
		92D2CABB2B894DAE0084F0D9 /* Release */ = {
			isa = XCBuildConfiguration;
			buildSettings = {
				ALWAYS_EMBED_SWIFT_STANDARD_LIBRARIES = YES;
				BUNDLE_LOADER = "$(TEST_HOST)";
				CODE_SIGN_STYLE = Automatic;
				CURRENT_PROJECT_VERSION = 1;
				DEVELOPMENT_TEAM = 8Q8PK53YFD;
				GENERATE_INFOPLIST_FILE = YES;
				IPHONEOS_DEPLOYMENT_TARGET = 17.0;
				MARKETING_VERSION = 1.0;
				PRODUCT_BUNDLE_IDENTIFIER = "com.reetD.DoorDash-SwiftUITests";
				PRODUCT_NAME = "$(TARGET_NAME)";
				SWIFT_EMIT_LOC_STRINGS = NO;
				SWIFT_VERSION = 5.0;
				TARGETED_DEVICE_FAMILY = "1,2";
				TEST_HOST = "$(BUILT_PRODUCTS_DIR)/DoorDash-SwiftUI.app/$(BUNDLE_EXECUTABLE_FOLDER_PATH)/DoorDash-SwiftUI";
			};
			name = Release;
		};
		92D2CABD2B894DAE0084F0D9 /* Debug */ = {
			isa = XCBuildConfiguration;
			buildSettings = {
				ALWAYS_EMBED_SWIFT_STANDARD_LIBRARIES = YES;
				CODE_SIGN_STYLE = Automatic;
				CURRENT_PROJECT_VERSION = 1;
				DEVELOPMENT_TEAM = 8Q8PK53YFD;
				GENERATE_INFOPLIST_FILE = YES;
				MARKETING_VERSION = 1.0;
				PRODUCT_BUNDLE_IDENTIFIER = "com.reetD.DoorDash-SwiftUIUITests";
				PRODUCT_NAME = "$(TARGET_NAME)";
				SWIFT_EMIT_LOC_STRINGS = NO;
				SWIFT_VERSION = 5.0;
				TARGETED_DEVICE_FAMILY = "1,2";
				TEST_TARGET_NAME = "DoorDash-SwiftUI";
			};
			name = Debug;
		};
		92D2CABE2B894DAE0084F0D9 /* Release */ = {
			isa = XCBuildConfiguration;
			buildSettings = {
				ALWAYS_EMBED_SWIFT_STANDARD_LIBRARIES = YES;
				CODE_SIGN_STYLE = Automatic;
				CURRENT_PROJECT_VERSION = 1;
				DEVELOPMENT_TEAM = 8Q8PK53YFD;
				GENERATE_INFOPLIST_FILE = YES;
				MARKETING_VERSION = 1.0;
				PRODUCT_BUNDLE_IDENTIFIER = "com.reetD.DoorDash-SwiftUIUITests";
				PRODUCT_NAME = "$(TARGET_NAME)";
				SWIFT_EMIT_LOC_STRINGS = NO;
				SWIFT_VERSION = 5.0;
				TARGETED_DEVICE_FAMILY = "1,2";
				TEST_TARGET_NAME = "DoorDash-SwiftUI";
			};
			name = Release;
		};
/* End XCBuildConfiguration section */

/* Begin XCConfigurationList section */
		92D2CA8D2B894DAB0084F0D9 /* Build configuration list for PBXProject "DoorDash-SwiftUI" */ = {
			isa = XCConfigurationList;
			buildConfigurations = (
				92D2CAB42B894DAE0084F0D9 /* Debug */,
				92D2CAB52B894DAE0084F0D9 /* Release */,
			);
			defaultConfigurationIsVisible = 0;
			defaultConfigurationName = Release;
		};
		92D2CAB62B894DAE0084F0D9 /* Build configuration list for PBXNativeTarget "DoorDash-SwiftUI" */ = {
			isa = XCConfigurationList;
			buildConfigurations = (
				92D2CAB72B894DAE0084F0D9 /* Debug */,
				92D2CAB82B894DAE0084F0D9 /* Release */,
			);
			defaultConfigurationIsVisible = 0;
			defaultConfigurationName = Release;
		};
		92D2CAB92B894DAE0084F0D9 /* Build configuration list for PBXNativeTarget "DoorDash-SwiftUITests" */ = {
			isa = XCConfigurationList;
			buildConfigurations = (
				92D2CABA2B894DAE0084F0D9 /* Debug */,
				92D2CABB2B894DAE0084F0D9 /* Release */,
			);
			defaultConfigurationIsVisible = 0;
			defaultConfigurationName = Release;
		};
		92D2CABC2B894DAE0084F0D9 /* Build configuration list for PBXNativeTarget "DoorDash-SwiftUIUITests" */ = {
			isa = XCConfigurationList;
			buildConfigurations = (
				92D2CABD2B894DAE0084F0D9 /* Debug */,
				92D2CABE2B894DAE0084F0D9 /* Release */,
			);
			defaultConfigurationIsVisible = 0;
			defaultConfigurationName = Release;
		};
/* End XCConfigurationList section */
	};
	rootObject = 92D2CA8A2B894DAB0084F0D9 /* Project object */;
}
